
Microsoft Visual Studio Solution File, Format Version 12.00
# Visual Studio Version 17
VisualStudioVersion = 17.8.34525.116
MinimumVisualStudioVersion = 10.0.40219.1
Project("{FAE04EC0-301F-11D3-BF4B-00C04F79EFBC}") = "RentalApp", "RentalApp\RentalApp.csproj", "{CA2EF1BD-53E4-411D-80BE-8547367C8C6C}"
EndProject
Global
	GlobalSection(SolutionConfigurationPlatforms) = preSolution
		Debug|Any CPU = Debug|Any CPU
		Release|Any CPU = Release|Any CPU
	EndGlobalSection
	GlobalSection(ProjectConfigurationPlatforms) = postSolution
		{CA2EF1BD-53E4-411D-80BE-8547367C8C6C}.Debug|Any CPU.ActiveCfg = Debug|Any CPU
		{CA2EF1BD-53E4-411D-80BE-8547367C8C6C}.Debug|Any CPU.Build.0 = Debug|Any CPU
		{CA2EF1BD-53E4-411D-80BE-8547367C8C6C}.Release|Any CPU.ActiveCfg = Release|Any CPU
		{CA2EF1BD-53E4-411D-80BE-8547367C8C6C}.Release|Any CPU.Build.0 = Release|Any CPU
	EndGlobalSection
	GlobalSection(SolutionProperties) = preSolution
		HideSolutionNode = FALSE
	EndGlobalSection
	GlobalSection(ExtensibilityGlobals) = postSolution
		SolutionGuid = {42384BAE-6DA5-4D63-B7BF-3108CEADE803}
	EndGlobalSection
EndGlobal
